
Microsoft Visual Studio Solution File, Format Version 12.00
# Visual Studio Version 17
VisualStudioVersion = 17.3.32811.315
MinimumVisualStudioVersion = 10.0.40219.1
Project("{FAE04EC0-301F-11D3-BF4B-00C04F79EFBC}") = "CICDWebAppDemoAppln", "CICDWebAppDemoAppln\CICDWebAppDemoAppln.csproj", "{82B8C4D5-958A-45E0-9143-BD1C705F9BA4}"
EndProject
Global
	GlobalSection(SolutionConfigurationPlatforms) = preSolution
		Debug|Any CPU = Debug|Any CPU
		Release|Any CPU = Release|Any CPU
	EndGlobalSection
	GlobalSection(ProjectConfigurationPlatforms) = postSolution
		{82B8C4D5-958A-45E0-9143-BD1C705F9BA4}.Debug|Any CPU.ActiveCfg = Debug|Any CPU
		{82B8C4D5-958A-45E0-9143-BD1C705F9BA4}.Debug|Any CPU.Build.0 = Debug|Any CPU
		{82B8C4D5-958A-45E0-9143-BD1C705F9BA4}.Release|Any CPU.ActiveCfg = Release|Any CPU
		{82B8C4D5-958A-45E0-9143-BD1C705F9BA4}.Release|Any CPU.Build.0 = Release|Any CPU
	EndGlobalSection
	GlobalSection(SolutionProperties) = preSolution
		HideSolutionNode = FALSE
	EndGlobalSection
	GlobalSection(ExtensibilityGlobals) = postSolution
		SolutionGuid = {1047CF89-1B8F-4F0F-9ABD-50DE0F7FDA0F}
	EndGlobalSection
EndGlobal
